
Microsoft Visual Studio Solution File, Format Version 12.00
# Visual Studio Version 17
VisualStudioVersion = 17.9.34723.18
MinimumVisualStudioVersion = 10.0.40219.1
Project("{2150E333-8FDC-42A3-9474-1A3956D46DE8}") = "Microservices", "Microservices", "{B6A3F26C-C63B-417E-AC6D-7CDC4518E7DD}"
EndProject
Project("{2150E333-8FDC-42A3-9474-1A3956D46DE8}") = "Documentation", "Documentation", "{86EFF3F3-164A-4D90-8D7E-1200604CCD71}"
EndProject
Project("{2150E333-8FDC-42A3-9474-1A3956D46DE8}") = "Testing", "Testing", "{E85A68E5-C679-450C-B010-458F66F5173B}"
EndProject
Project("{2150E333-8FDC-42A3-9474-1A3956D46DE8}") = "PatientAPI", "PatientAPI", "{EB54F4A4-729F-4BB2-B2F4-CE2CF390FD86}"
EndProject
Project("{2150E333-8FDC-42A3-9474-1A3956D46DE8}") = "MedicalAPI", "MedicalAPI", "{2BC387EF-7FC4-4B08-982E-7F893EF89B44}"
EndProject
Project("{9A19103F-16F7-4668-BE54-9A1E7A4F7556}") = "PatientTest", "PatientTest\PatientTest.csproj", "{60AF2F8F-ED3E-4E66-AB1B-DE12D67A85E2}"
EndProject
Project("{9A19103F-16F7-4668-BE54-9A1E7A4F7556}") = "Patient.Domain", "Patient.Domain\Patient.Domain.csproj", "{1C6012CC-67BB-4546-8658-BDEFBD22991C}"
EndProject
Project("{9A19103F-16F7-4668-BE54-9A1E7A4F7556}") = "Patient.Application", "Patient.Application\Patient.Application.csproj", "{61580985-262A-424B-A311-6E32B6B68333}"
EndProject
Project("{9A19103F-16F7-4668-BE54-9A1E7A4F7556}") = "Patient.Infrastructure", "Patient.Infrastructure\Patient.Infrastructure.csproj", "{3AAC5966-6000-4052-A97F-62B9E7020297}"
EndProject
Project("{9A19103F-16F7-4668-BE54-9A1E7A4F7556}") = "Patient.Presentation", "Patient.Presentation\Patient.Presentation.csproj", "{D9EE4B90-7C98-4BCF-8F6F-186E510D1D1A}"
EndProject
Project("{FAE04EC0-301F-11D3-BF4B-00C04F79EFBC}") = "Medical.Presentation", "Medical.Presentation\Medical.Presentation.csproj", "{0AB58F11-911C-4AD8-AD0C-E1F7554EDE01}"
EndProject
Project("{FAE04EC0-301F-11D3-BF4B-00C04F79EFBC}") = "Medical.Domain", "Medical.Domain\Medical.Domain.csproj", "{B41D56B8-9454-4646-B282-A2F9653BCB04}"
EndProject
Project("{FAE04EC0-301F-11D3-BF4B-00C04F79EFBC}") = "Medical.Infrastructure", "Medical.Infrastructure\Medical.Infrastructure.csproj", "{18DA6621-1ED3-49B0-8F79-0C7DF37E822E}"
EndProject
Project("{FAE04EC0-301F-11D3-BF4B-00C04F79EFBC}") = "Medical.Application", "Medical.Application\Medical.Application.csproj", "{47FA5FA1-AA69-4995-9193-B1D152CB8D67}"
EndProject
Global
	GlobalSection(SolutionConfigurationPlatforms) = preSolution
		Debug|Any CPU = Debug|Any CPU
		Release|Any CPU = Release|Any CPU
	EndGlobalSection
	GlobalSection(ProjectConfigurationPlatforms) = postSolution
		{60AF2F8F-ED3E-4E66-AB1B-DE12D67A85E2}.Debug|Any CPU.ActiveCfg = Debug|Any CPU
		{60AF2F8F-ED3E-4E66-AB1B-DE12D67A85E2}.Debug|Any CPU.Build.0 = Debug|Any CPU
		{60AF2F8F-ED3E-4E66-AB1B-DE12D67A85E2}.Release|Any CPU.ActiveCfg = Release|Any CPU
		{60AF2F8F-ED3E-4E66-AB1B-DE12D67A85E2}.Release|Any CPU.Build.0 = Release|Any CPU
		{1C6012CC-67BB-4546-8658-BDEFBD22991C}.Debug|Any CPU.ActiveCfg = Debug|Any CPU
		{1C6012CC-67BB-4546-8658-BDEFBD22991C}.Debug|Any CPU.Build.0 = Debug|Any CPU
		{1C6012CC-67BB-4546-8658-BDEFBD22991C}.Release|Any CPU.ActiveCfg = Release|Any CPU
		{1C6012CC-67BB-4546-8658-BDEFBD22991C}.Release|Any CPU.Build.0 = Release|Any CPU
		{61580985-262A-424B-A311-6E32B6B68333}.Debug|Any CPU.ActiveCfg = Debug|Any CPU
		{61580985-262A-424B-A311-6E32B6B68333}.Debug|Any CPU.Build.0 = Debug|Any CPU
		{61580985-262A-424B-A311-6E32B6B68333}.Release|Any CPU.ActiveCfg = Release|Any CPU
		{61580985-262A-424B-A311-6E32B6B68333}.Release|Any CPU.Build.0 = Release|Any CPU
		{3AAC5966-6000-4052-A97F-62B9E7020297}.Debug|Any CPU.ActiveCfg = Debug|Any CPU
		{3AAC5966-6000-4052-A97F-62B9E7020297}.Debug|Any CPU.Build.0 = Debug|Any CPU
		{3AAC5966-6000-4052-A97F-62B9E7020297}.Release|Any CPU.ActiveCfg = Release|Any CPU
		{3AAC5966-6000-4052-A97F-62B9E7020297}.Release|Any CPU.Build.0 = Release|Any CPU
		{D9EE4B90-7C98-4BCF-8F6F-186E510D1D1A}.Debug|Any CPU.ActiveCfg = Debug|Any CPU
		{D9EE4B90-7C98-4BCF-8F6F-186E510D1D1A}.Debug|Any CPU.Build.0 = Debug|Any CPU
		{D9EE4B90-7C98-4BCF-8F6F-186E510D1D1A}.Release|Any CPU.ActiveCfg = Release|Any CPU
		{D9EE4B90-7C98-4BCF-8F6F-186E510D1D1A}.Release|Any CPU.Build.0 = Release|Any CPU
		{0AB58F11-911C-4AD8-AD0C-E1F7554EDE01}.Debug|Any CPU.ActiveCfg = Debug|Any CPU
		{0AB58F11-911C-4AD8-AD0C-E1F7554EDE01}.Debug|Any CPU.Build.0 = Debug|Any CPU
		{0AB58F11-911C-4AD8-AD0C-E1F7554EDE01}.Release|Any CPU.ActiveCfg = Release|Any CPU
		{0AB58F11-911C-4AD8-AD0C-E1F7554EDE01}.Release|Any CPU.Build.0 = Release|Any CPU
		{B41D56B8-9454-4646-B282-A2F9653BCB04}.Debug|Any CPU.ActiveCfg = Debug|Any CPU
		{B41D56B8-9454-4646-B282-A2F9653BCB04}.Debug|Any CPU.Build.0 = Debug|Any CPU
		{B41D56B8-9454-4646-B282-A2F9653BCB04}.Release|Any CPU.ActiveCfg = Release|Any CPU
		{B41D56B8-9454-4646-B282-A2F9653BCB04}.Release|Any CPU.Build.0 = Release|Any CPU
		{18DA6621-1ED3-49B0-8F79-0C7DF37E822E}.Debug|Any CPU.ActiveCfg = Debug|Any CPU
		{18DA6621-1ED3-49B0-8F79-0C7DF37E822E}.Debug|Any CPU.Build.0 = Debug|Any CPU
		{18DA6621-1ED3-49B0-8F79-0C7DF37E822E}.Release|Any CPU.ActiveCfg = Release|Any CPU
		{18DA6621-1ED3-49B0-8F79-0C7DF37E822E}.Release|Any CPU.Build.0 = Release|Any CPU
		{47FA5FA1-AA69-4995-9193-B1D152CB8D67}.Debug|Any CPU.ActiveCfg = Debug|Any CPU
		{47FA5FA1-AA69-4995-9193-B1D152CB8D67}.Debug|Any CPU.Build.0 = Debug|Any CPU
		{47FA5FA1-AA69-4995-9193-B1D152CB8D67}.Release|Any CPU.ActiveCfg = Release|Any CPU
		{47FA5FA1-AA69-4995-9193-B1D152CB8D67}.Release|Any CPU.Build.0 = Release|Any CPU
	EndGlobalSection
	GlobalSection(SolutionProperties) = preSolution
		HideSolutionNode = FALSE
	EndGlobalSection
	GlobalSection(NestedProjects) = preSolution
		{EB54F4A4-729F-4BB2-B2F4-CE2CF390FD86} = {B6A3F26C-C63B-417E-AC6D-7CDC4518E7DD}
		{2BC387EF-7FC4-4B08-982E-7F893EF89B44} = {B6A3F26C-C63B-417E-AC6D-7CDC4518E7DD}
		{60AF2F8F-ED3E-4E66-AB1B-DE12D67A85E2} = {E85A68E5-C679-450C-B010-458F66F5173B}
		{1C6012CC-67BB-4546-8658-BDEFBD22991C} = {2BC387EF-7FC4-4B08-982E-7F893EF89B44}
		{61580985-262A-424B-A311-6E32B6B68333} = {2BC387EF-7FC4-4B08-982E-7F893EF89B44}
		{3AAC5966-6000-4052-A97F-62B9E7020297} = {2BC387EF-7FC4-4B08-982E-7F893EF89B44}
		{D9EE4B90-7C98-4BCF-8F6F-186E510D1D1A} = {2BC387EF-7FC4-4B08-982E-7F893EF89B44}
		{0AB58F11-911C-4AD8-AD0C-E1F7554EDE01} = {EB54F4A4-729F-4BB2-B2F4-CE2CF390FD86}
		{B41D56B8-9454-4646-B282-A2F9653BCB04} = {EB54F4A4-729F-4BB2-B2F4-CE2CF390FD86}
		{18DA6621-1ED3-49B0-8F79-0C7DF37E822E} = {EB54F4A4-729F-4BB2-B2F4-CE2CF390FD86}
		{47FA5FA1-AA69-4995-9193-B1D152CB8D67} = {EB54F4A4-729F-4BB2-B2F4-CE2CF390FD86}
	EndGlobalSection
	GlobalSection(ExtensibilityGlobals) = postSolution
		SolutionGuid = {B007FD30-1AA7-43DF-8EA7-6AE7E5F9C45B}
	EndGlobalSection
EndGlobal
