
Microsoft Visual Studio Solution File, Format Version 12.00
# Visual Studio Version 17
VisualStudioVersion = 17.9.34723.18
MinimumVisualStudioVersion = 10.0.40219.1
Project("{2150E333-8FDC-42A3-9474-1A3956D46DE8}") = "Microservices", "Microservices", "{B6A3F26C-C63B-417E-AC6D-7CDC4518E7DD}"
EndProject
Project("{2150E333-8FDC-42A3-9474-1A3956D46DE8}") = "Documentation", "Documentation", "{86EFF3F3-164A-4D90-8D7E-1200604CCD71}"
EndProject
Project("{2150E333-8FDC-42A3-9474-1A3956D46DE8}") = "Testing", "Testing", "{E85A68E5-C679-450C-B010-458F66F5173B}"
EndProject
Project("{2150E333-8FDC-42A3-9474-1A3956D46DE8}") = "PatientAPI", "PatientAPI", "{EB54F4A4-729F-4BB2-B2F4-CE2CF390FD86}"
EndProject
Project("{2150E333-8FDC-42A3-9474-1A3956D46DE8}") = "MedicalAPI", "MedicalAPI", "{2BC387EF-7FC4-4B08-982E-7F893EF89B44}"
EndProject
Project("{9A19103F-16F7-4668-BE54-9A1E7A4F7556}") = "Patient.Domain", "..\Patient.Domain\Patient.Domain.csproj", "{4F5F3B6F-499A-4CA0-9D40-76E3DD2B6272}"
EndProject
Project("{9A19103F-16F7-4668-BE54-9A1E7A4F7556}") = "Patient.Application", "..\Patient.Application\Patient.Application.csproj", "{5DFF498B-8FBD-4B08-995E-938B6BEAE694}"
EndProject
Project("{9A19103F-16F7-4668-BE54-9A1E7A4F7556}") = "Patient.Infrastructure", "..\Patient.Infrastructure\Patient.Infrastructure.csproj", "{656472EA-72E0-4C37-9889-DEF95AFC8AC2}"
EndProject
Project("{9A19103F-16F7-4668-BE54-9A1E7A4F7556}") = "Patient.Presentation", "..\Patient.Presentation\Patient.Presentation.csproj", "{C1449A10-BBDE-4F61-B9F0-80FC5713E1A4}"
EndProject
Project("{FAE04EC0-301F-11D3-BF4B-00C04F79EFBC}") = "PatientTest", "PatientTest\PatientTest.csproj", "{60AF2F8F-ED3E-4E66-AB1B-DE12D67A85E2}"
EndProject
Global
	GlobalSection(SolutionConfigurationPlatforms) = preSolution
		Debug|Any CPU = Debug|Any CPU
		Release|Any CPU = Release|Any CPU
	EndGlobalSection
	GlobalSection(ProjectConfigurationPlatforms) = postSolution
		{4F5F3B6F-499A-4CA0-9D40-76E3DD2B6272}.Debug|Any CPU.ActiveCfg = Debug|Any CPU
		{4F5F3B6F-499A-4CA0-9D40-76E3DD2B6272}.Debug|Any CPU.Build.0 = Debug|Any CPU
		{4F5F3B6F-499A-4CA0-9D40-76E3DD2B6272}.Release|Any CPU.ActiveCfg = Release|Any CPU
		{4F5F3B6F-499A-4CA0-9D40-76E3DD2B6272}.Release|Any CPU.Build.0 = Release|Any CPU
		{5DFF498B-8FBD-4B08-995E-938B6BEAE694}.Debug|Any CPU.ActiveCfg = Debug|Any CPU
		{5DFF498B-8FBD-4B08-995E-938B6BEAE694}.Debug|Any CPU.Build.0 = Debug|Any CPU
		{5DFF498B-8FBD-4B08-995E-938B6BEAE694}.Release|Any CPU.ActiveCfg = Release|Any CPU
		{5DFF498B-8FBD-4B08-995E-938B6BEAE694}.Release|Any CPU.Build.0 = Release|Any CPU
		{656472EA-72E0-4C37-9889-DEF95AFC8AC2}.Debug|Any CPU.ActiveCfg = Debug|Any CPU
		{656472EA-72E0-4C37-9889-DEF95AFC8AC2}.Debug|Any CPU.Build.0 = Debug|Any CPU
		{656472EA-72E0-4C37-9889-DEF95AFC8AC2}.Release|Any CPU.ActiveCfg = Release|Any CPU
		{656472EA-72E0-4C37-9889-DEF95AFC8AC2}.Release|Any CPU.Build.0 = Release|Any CPU
		{C1449A10-BBDE-4F61-B9F0-80FC5713E1A4}.Debug|Any CPU.ActiveCfg = Debug|Any CPU
		{C1449A10-BBDE-4F61-B9F0-80FC5713E1A4}.Debug|Any CPU.Build.0 = Debug|Any CPU
		{C1449A10-BBDE-4F61-B9F0-80FC5713E1A4}.Release|Any CPU.ActiveCfg = Release|Any CPU
		{C1449A10-BBDE-4F61-B9F0-80FC5713E1A4}.Release|Any CPU.Build.0 = Release|Any CPU
		{60AF2F8F-ED3E-4E66-AB1B-DE12D67A85E2}.Debug|Any CPU.ActiveCfg = Debug|Any CPU
		{60AF2F8F-ED3E-4E66-AB1B-DE12D67A85E2}.Debug|Any CPU.Build.0 = Debug|Any CPU
		{60AF2F8F-ED3E-4E66-AB1B-DE12D67A85E2}.Release|Any CPU.ActiveCfg = Release|Any CPU
		{60AF2F8F-ED3E-4E66-AB1B-DE12D67A85E2}.Release|Any CPU.Build.0 = Release|Any CPU
	EndGlobalSection
	GlobalSection(SolutionProperties) = preSolution
		HideSolutionNode = FALSE
	EndGlobalSection
	GlobalSection(NestedProjects) = preSolution
		{EB54F4A4-729F-4BB2-B2F4-CE2CF390FD86} = {B6A3F26C-C63B-417E-AC6D-7CDC4518E7DD}
		{2BC387EF-7FC4-4B08-982E-7F893EF89B44} = {B6A3F26C-C63B-417E-AC6D-7CDC4518E7DD}
		{4F5F3B6F-499A-4CA0-9D40-76E3DD2B6272} = {2BC387EF-7FC4-4B08-982E-7F893EF89B44}
		{5DFF498B-8FBD-4B08-995E-938B6BEAE694} = {2BC387EF-7FC4-4B08-982E-7F893EF89B44}
		{656472EA-72E0-4C37-9889-DEF95AFC8AC2} = {2BC387EF-7FC4-4B08-982E-7F893EF89B44}
		{C1449A10-BBDE-4F61-B9F0-80FC5713E1A4} = {2BC387EF-7FC4-4B08-982E-7F893EF89B44}
		{60AF2F8F-ED3E-4E66-AB1B-DE12D67A85E2} = {E85A68E5-C679-450C-B010-458F66F5173B}
	EndGlobalSection
	GlobalSection(ExtensibilityGlobals) = postSolution
		SolutionGuid = {B007FD30-1AA7-43DF-8EA7-6AE7E5F9C45B}
	EndGlobalSection
EndGlobal
